
Microsoft Visual Studio Solution File, Format Version 12.00
# Visual Studio Version 17
VisualStudioVersion = 17.7.34031.279
MinimumVisualStudioVersion = 10.0.40219.1
Project("{FAE04EC0-301F-11D3-BF4B-00C04F79EFBC}") = "CamnionesWebMVCv1", "CamnionesWebMVCv1\CamnionesWebMVCv1.csproj", "{7EDC88AE-F5BE-418E-91CF-39CEA61BCFA6}"
EndProject
Global
	GlobalSection(SolutionConfigurationPlatforms) = preSolution
		Debug|Any CPU = Debug|Any CPU
		Release|Any CPU = Release|Any CPU
	EndGlobalSection
	GlobalSection(ProjectConfigurationPlatforms) = postSolution
		{7EDC88AE-F5BE-418E-91CF-39CEA61BCFA6}.Debug|Any CPU.ActiveCfg = Debug|Any CPU
		{7EDC88AE-F5BE-418E-91CF-39CEA61BCFA6}.Debug|Any CPU.Build.0 = Debug|Any CPU
		{7EDC88AE-F5BE-418E-91CF-39CEA61BCFA6}.Release|Any CPU.ActiveCfg = Release|Any CPU
		{7EDC88AE-F5BE-418E-91CF-39CEA61BCFA6}.Release|Any CPU.Build.0 = Release|Any CPU
	EndGlobalSection
	GlobalSection(SolutionProperties) = preSolution
		HideSolutionNode = FALSE
	EndGlobalSection
	GlobalSection(ExtensibilityGlobals) = postSolution
		SolutionGuid = {A25198BD-C43C-414F-B0C2-B66996B53641}
	EndGlobalSection
EndGlobal
